
Microsoft Visual Studio Solution File, Format Version 12.00
# Visual Studio Version 17
VisualStudioVersion = 17.13.35806.99 d17.13
MinimumVisualStudioVersion = 10.0.40219.1
Project("{FAE04EC0-301F-11D3-BF4B-00C04F79EFBC}") = "WindowSwitcherLib", "WindowSwitcherLib\WindowSwitcherLib.csproj", "{87FA84E6-FBBC-4BB5-A712-EB61271ABC2F}"
EndProject
Project("{FAE04EC0-301F-11D3-BF4B-00C04F79EFBC}") = "WindowSwitcherTester", "WindowSwitcherTester\WindowSwitcherTester.csproj", "{776BA5A1-F87C-49DF-98FE-2127EB7E2441}"
EndProject
Project("{FAE04EC0-301F-11D3-BF4B-00C04F79EFBC}") = "WindowSwitcher", "WindowSwitcher\WindowSwitcher.csproj", "{0B636DF0-19CC-4578-82BA-80C97DA08647}"
EndProject
Project("{54435603-DBB4-11D2-8724-00A0C9A8B90C}") = "WindowSwitcherWinSetup", "WindowSwitcherWinSetup\WindowSwitcherWinSetup.vdproj", "{00FAB666-86AD-D5C8-6DAB-DD54688436B0}"
EndProject
Global
	GlobalSection(SolutionConfigurationPlatforms) = preSolution
		Debug|Any CPU = Debug|Any CPU
		Release|Any CPU = Release|Any CPU
	EndGlobalSection
	GlobalSection(ProjectConfigurationPlatforms) = postSolution
		{87FA84E6-FBBC-4BB5-A712-EB61271ABC2F}.Debug|Any CPU.ActiveCfg = Debug|Any CPU
		{87FA84E6-FBBC-4BB5-A712-EB61271ABC2F}.Debug|Any CPU.Build.0 = Debug|Any CPU
		{87FA84E6-FBBC-4BB5-A712-EB61271ABC2F}.Release|Any CPU.ActiveCfg = Release|Any CPU
		{87FA84E6-FBBC-4BB5-A712-EB61271ABC2F}.Release|Any CPU.Build.0 = Release|Any CPU
		{776BA5A1-F87C-49DF-98FE-2127EB7E2441}.Debug|Any CPU.ActiveCfg = Debug|Any CPU
		{776BA5A1-F87C-49DF-98FE-2127EB7E2441}.Debug|Any CPU.Build.0 = Debug|Any CPU
		{776BA5A1-F87C-49DF-98FE-2127EB7E2441}.Release|Any CPU.ActiveCfg = Release|Any CPU
		{776BA5A1-F87C-49DF-98FE-2127EB7E2441}.Release|Any CPU.Build.0 = Release|Any CPU
		{0B636DF0-19CC-4578-82BA-80C97DA08647}.Debug|Any CPU.ActiveCfg = Debug|Any CPU
		{0B636DF0-19CC-4578-82BA-80C97DA08647}.Debug|Any CPU.Build.0 = Debug|Any CPU
		{0B636DF0-19CC-4578-82BA-80C97DA08647}.Release|Any CPU.ActiveCfg = Release|Any CPU
		{0B636DF0-19CC-4578-82BA-80C97DA08647}.Release|Any CPU.Build.0 = Release|Any CPU
		{00FAB666-86AD-D5C8-6DAB-DD54688436B0}.Debug|Any CPU.ActiveCfg = Debug
		{00FAB666-86AD-D5C8-6DAB-DD54688436B0}.Release|Any CPU.ActiveCfg = Release
	EndGlobalSection
	GlobalSection(SolutionProperties) = preSolution
		HideSolutionNode = FALSE
	EndGlobalSection
	GlobalSection(ExtensibilityGlobals) = postSolution
		SolutionGuid = {61FB9B74-B575-43E7-9172-EF9FFBB8D128}
	EndGlobalSection
EndGlobal
